
Microsoft Visual Studio Solution File, Format Version 12.00
# Visual Studio Version 17
VisualStudioVersion = 17.10.34916.146
MinimumVisualStudioVersion = 10.0.40219.1
Project("{9A19103F-16F7-4668-BE54-9A1E7A4F7556}") = "Apps", "Apps\Apps.csproj", "{FCF7B2BC-8F7E-4D9A-BAA5-A78D60F886F6}"
EndProject
Project("{9A19103F-16F7-4668-BE54-9A1E7A4F7556}") = "DataStructures", "DataStructures\DataStructures.csproj", "{9EB11659-6142-4DD9-91C4-104932754D79}"
EndProject
Global
	GlobalSection(SolutionConfigurationPlatforms) = preSolution
		Debug|Any CPU = Debug|Any CPU
		Release|Any CPU = Release|Any CPU
	EndGlobalSection
	GlobalSection(ProjectConfigurationPlatforms) = postSolution
		{FCF7B2BC-8F7E-4D9A-BAA5-A78D60F886F6}.Debug|Any CPU.ActiveCfg = Debug|Any CPU
		{FCF7B2BC-8F7E-4D9A-BAA5-A78D60F886F6}.Debug|Any CPU.Build.0 = Debug|Any CPU
		{FCF7B2BC-8F7E-4D9A-BAA5-A78D60F886F6}.Release|Any CPU.ActiveCfg = Release|Any CPU
		{FCF7B2BC-8F7E-4D9A-BAA5-A78D60F886F6}.Release|Any CPU.Build.0 = Release|Any CPU
		{9EB11659-6142-4DD9-91C4-104932754D79}.Debug|Any CPU.ActiveCfg = Debug|Any CPU
		{9EB11659-6142-4DD9-91C4-104932754D79}.Debug|Any CPU.Build.0 = Debug|Any CPU
		{9EB11659-6142-4DD9-91C4-104932754D79}.Release|Any CPU.ActiveCfg = Release|Any CPU
		{9EB11659-6142-4DD9-91C4-104932754D79}.Release|Any CPU.Build.0 = Release|Any CPU
	EndGlobalSection
	GlobalSection(SolutionProperties) = preSolution
		HideSolutionNode = FALSE
	EndGlobalSection
	GlobalSection(ExtensibilityGlobals) = postSolution
		SolutionGuid = {A5441BD9-9AB2-405A-9E49-8E1A743666FE}
	EndGlobalSection
EndGlobal
